github.com/go-raptor/connectors v1.1.0 h1:U6Fjhv68q7gIoFEAIKZGd5TtKygmZI8tG5TJt6IS/gg=
github.com/go-raptor/connectors v1.1.0/go.mod h1:A7T++oNId2F9SB5i9IQcm+3QzruL5s1nFLfRk1eA0SU=
go.yaml.in/yaml/v3 v3.0.5 h1:N6y/pJk8buWs9NY5ERU2HSMfm+IuD/OtfdAnq6kESPw=
go.yaml.in/yaml/v3 v3.0.5/go.mod h1:HVTZu1O7/Vkt2N+BFy8Zza+lnLsABggaTM2ZpNIGuKg=
